
Microsoft Visual Studio Solution File, Format Version 12.00
# Visual Studio Version 16
VisualStudioVersion = 16.0.30002.166
MinimumVisualStudioVersion = 10.0.40219.1
Project("{8BC9CEB8-8B4A-11D0-8D11-00A0C91BC942}") = "SafeBridge", "SafeBridge\SafeBridge.vcxproj", "{C15737B3-B675-43F3-8660-EEF1F22F5BEE}"
EndProject
Project("{8BC9CEB8-8B4A-11D0-8D11-00A0C91BC942}") = "alphabetSoup", "alphabetSoup\alphabetSoup.vcxproj", "{503A49D3-BFDD-43F6-AD4C-6DDD12A43926}"
EndProject
Global
	GlobalSection(SolutionConfigurationPlatforms) = preSolution
		Debug|x64 = Debug|x64
		Debug|x86 = Debug|x86
		Release|x64 = Release|x64
		Release|x86 = Release|x86
	EndGlobalSection
	GlobalSection(ProjectConfigurationPlatforms) = postSolution
		{C15737B3-B675-43F3-8660-EEF1F22F5BEE}.Debug|x64.ActiveCfg = Debug|x64
		{C15737B3-B675-43F3-8660-EEF1F22F5BEE}.Debug|x64.Build.0 = Debug|x64
		{C15737B3-B675-43F3-8660-EEF1F22F5BEE}.Debug|x86.ActiveCfg = Debug|Win32
		{C15737B3-B675-43F3-8660-EEF1F22F5BEE}.Debug|x86.Build.0 = Debug|Win32
		{C15737B3-B675-43F3-8660-EEF1F22F5BEE}.Release|x64.ActiveCfg = Release|x64
		{C15737B3-B675-43F3-8660-EEF1F22F5BEE}.Release|x64.Build.0 = Release|x64
		{C15737B3-B675-43F3-8660-EEF1F22F5BEE}.Release|x86.ActiveCfg = Release|Win32
		{C15737B3-B675-43F3-8660-EEF1F22F5BEE}.Release|x86.Build.0 = Release|Win32
		{503A49D3-BFDD-43F6-AD4C-6DDD12A43926}.Debug|x64.ActiveCfg = Debug|x64
		{503A49D3-BFDD-43F6-AD4C-6DDD12A43926}.Debug|x64.Build.0 = Debug|x64
		{503A49D3-BFDD-43F6-AD4C-6DDD12A43926}.Debug|x86.ActiveCfg = Debug|Win32
		{503A49D3-BFDD-43F6-AD4C-6DDD12A43926}.Debug|x86.Build.0 = Debug|Win32
		{503A49D3-BFDD-43F6-AD4C-6DDD12A43926}.Release|x64.ActiveCfg = Release|x64
		{503A49D3-BFDD-43F6-AD4C-6DDD12A43926}.Release|x64.Build.0 = Release|x64
		{503A49D3-BFDD-43F6-AD4C-6DDD12A43926}.Release|x86.ActiveCfg = Release|Win32
		{503A49D3-BFDD-43F6-AD4C-6DDD12A43926}.Release|x86.Build.0 = Release|Win32
	EndGlobalSection
	GlobalSection(SolutionProperties) = preSolution
		HideSolutionNode = FALSE
	EndGlobalSection
	GlobalSection(ExtensibilityGlobals) = postSolution
		SolutionGuid = {57245C2D-7987-42EE-A24C-9E25AD466E13}
	EndGlobalSection
EndGlobal
